
Microsoft Visual Studio Solution File, Format Version 12.00
# Visual Studio 14
VisualStudioVersion = 14.0.25420.1
MinimumVisualStudioVersion = 10.0.40219.1
Project("{8BC9CEB8-8B4A-11D0-8D11-00A0C91BC942}") = "Hamster-Hammers-Nuts", "Hamster-Hammers-Nuts\Hamster-Hammers-Nuts.vcxproj", "{CF3D84F2-FF62-4A61-8BE3-57E13AED4691}"
EndProject
Project("{FAE04EC0-301F-11D3-BF4B-00C04F79EFBC}") = "Glommer", "Glommer\Glommer.csproj", "{EFED1077-FA95-44E4-A8D1-C3AECE8AAC56}"
EndProject
Global
	GlobalSection(SolutionConfigurationPlatforms) = preSolution
		Debug|Any CPU = Debug|Any CPU
		Debug|x64 = Debug|x64
		Debug|x86 = Debug|x86
		Release|Any CPU = Release|Any CPU
		Release|x64 = Release|x64
		Release|x86 = Release|x86
	EndGlobalSection
	GlobalSection(ProjectConfigurationPlatforms) = postSolution
		{CF3D84F2-FF62-4A61-8BE3-57E13AED4691}.Debug|Any CPU.ActiveCfg = Debug|Win32
		{CF3D84F2-FF62-4A61-8BE3-57E13AED4691}.Debug|x64.ActiveCfg = Debug|x64
		{CF3D84F2-FF62-4A61-8BE3-57E13AED4691}.Debug|x64.Build.0 = Debug|x64
		{CF3D84F2-FF62-4A61-8BE3-57E13AED4691}.Debug|x86.ActiveCfg = Debug|Win32
		{CF3D84F2-FF62-4A61-8BE3-57E13AED4691}.Debug|x86.Build.0 = Debug|Win32
		{CF3D84F2-FF62-4A61-8BE3-57E13AED4691}.Release|Any CPU.ActiveCfg = Release|Win32
		{CF3D84F2-FF62-4A61-8BE3-57E13AED4691}.Release|x64.ActiveCfg = Release|x64
		{CF3D84F2-FF62-4A61-8BE3-57E13AED4691}.Release|x64.Build.0 = Release|x64
		{CF3D84F2-FF62-4A61-8BE3-57E13AED4691}.Release|x86.ActiveCfg = Release|Win32
		{CF3D84F2-FF62-4A61-8BE3-57E13AED4691}.Release|x86.Build.0 = Release|Win32
		{EFED1077-FA95-44E4-A8D1-C3AECE8AAC56}.Debug|Any CPU.ActiveCfg = Debug|Any CPU
		{EFED1077-FA95-44E4-A8D1-C3AECE8AAC56}.Debug|Any CPU.Build.0 = Debug|Any CPU
		{EFED1077-FA95-44E4-A8D1-C3AECE8AAC56}.Debug|x64.ActiveCfg = Debug|Any CPU
		{EFED1077-FA95-44E4-A8D1-C3AECE8AAC56}.Debug|x64.Build.0 = Debug|Any CPU
		{EFED1077-FA95-44E4-A8D1-C3AECE8AAC56}.Debug|x86.ActiveCfg = Debug|Any CPU
		{EFED1077-FA95-44E4-A8D1-C3AECE8AAC56}.Debug|x86.Build.0 = Debug|Any CPU
		{EFED1077-FA95-44E4-A8D1-C3AECE8AAC56}.Release|Any CPU.ActiveCfg = Release|Any CPU
		{EFED1077-FA95-44E4-A8D1-C3AECE8AAC56}.Release|Any CPU.Build.0 = Release|Any CPU
		{EFED1077-FA95-44E4-A8D1-C3AECE8AAC56}.Release|x64.ActiveCfg = Release|Any CPU
		{EFED1077-FA95-44E4-A8D1-C3AECE8AAC56}.Release|x64.Build.0 = Release|Any CPU
		{EFED1077-FA95-44E4-A8D1-C3AECE8AAC56}.Release|x86.ActiveCfg = Release|Any CPU
		{EFED1077-FA95-44E4-A8D1-C3AECE8AAC56}.Release|x86.Build.0 = Release|Any CPU
	EndGlobalSection
	GlobalSection(SolutionProperties) = preSolution
		HideSolutionNode = FALSE
	EndGlobalSection
EndGlobal
